
Microsoft Visual Studio Solution File, Format Version 12.00
# Visual Studio Version 16
VisualStudioVersion = 16.0.30907.101
MinimumVisualStudioVersion = 10.0.40219.1
Project("{9A19103F-16F7-4668-BE54-9A1E7A4F7556}") = "day01", "day01\day01.csproj", "{15DC4764-825E-47EC-BAF6-CC4271E544BA}"
EndProject
Project("{9A19103F-16F7-4668-BE54-9A1E7A4F7556}") = "dayXX", "dayXX\dayXX.csproj", "{038B3E55-5A28-4888-B12A-16EDBDE8632C}"
EndProject
Project("{9A19103F-16F7-4668-BE54-9A1E7A4F7556}") = "test", "test\test.csproj", "{6EACE97F-FE46-4FDF-9701-1B5479639730}"
EndProject
Project("{9A19103F-16F7-4668-BE54-9A1E7A4F7556}") = "day02", "day02\day02.csproj", "{47320CD5-7F9F-4302-B35E-20B07E717232}"
EndProject
Project("{9A19103F-16F7-4668-BE54-9A1E7A4F7556}") = "day03", "day03\day03.csproj", "{01DC50C9-4165-4238-83FA-D0C54BA1EDDB}"
EndProject
Project("{9A19103F-16F7-4668-BE54-9A1E7A4F7556}") = "day04", "day04\day04.csproj", "{2F8AFF25-A431-4DBB-9C74-B4FDF8AEB4A6}"
EndProject
Project("{FAE04EC0-301F-11D3-BF4B-00C04F79EFBC}") = "day05", "day05\day05.csproj", "{287AA970-AD9B-4C2E-999C-1A29C89DD560}"
EndProject
Global
	GlobalSection(SolutionConfigurationPlatforms) = preSolution
		Debug|Any CPU = Debug|Any CPU
		Release|Any CPU = Release|Any CPU
	EndGlobalSection
	GlobalSection(ProjectConfigurationPlatforms) = postSolution
		{15DC4764-825E-47EC-BAF6-CC4271E544BA}.Debug|Any CPU.ActiveCfg = Debug|Any CPU
		{15DC4764-825E-47EC-BAF6-CC4271E544BA}.Debug|Any CPU.Build.0 = Debug|Any CPU
		{15DC4764-825E-47EC-BAF6-CC4271E544BA}.Release|Any CPU.ActiveCfg = Release|Any CPU
		{15DC4764-825E-47EC-BAF6-CC4271E544BA}.Release|Any CPU.Build.0 = Release|Any CPU
		{038B3E55-5A28-4888-B12A-16EDBDE8632C}.Debug|Any CPU.ActiveCfg = Debug|Any CPU
		{038B3E55-5A28-4888-B12A-16EDBDE8632C}.Debug|Any CPU.Build.0 = Debug|Any CPU
		{038B3E55-5A28-4888-B12A-16EDBDE8632C}.Release|Any CPU.ActiveCfg = Release|Any CPU
		{038B3E55-5A28-4888-B12A-16EDBDE8632C}.Release|Any CPU.Build.0 = Release|Any CPU
		{6EACE97F-FE46-4FDF-9701-1B5479639730}.Debug|Any CPU.ActiveCfg = Debug|Any CPU
		{6EACE97F-FE46-4FDF-9701-1B5479639730}.Debug|Any CPU.Build.0 = Debug|Any CPU
		{6EACE97F-FE46-4FDF-9701-1B5479639730}.Release|Any CPU.ActiveCfg = Release|Any CPU
		{6EACE97F-FE46-4FDF-9701-1B5479639730}.Release|Any CPU.Build.0 = Release|Any CPU
		{47320CD5-7F9F-4302-B35E-20B07E717232}.Debug|Any CPU.ActiveCfg = Debug|Any CPU
		{47320CD5-7F9F-4302-B35E-20B07E717232}.Debug|Any CPU.Build.0 = Debug|Any CPU
		{47320CD5-7F9F-4302-B35E-20B07E717232}.Release|Any CPU.ActiveCfg = Release|Any CPU
		{47320CD5-7F9F-4302-B35E-20B07E717232}.Release|Any CPU.Build.0 = Release|Any CPU
		{01DC50C9-4165-4238-83FA-D0C54BA1EDDB}.Debug|Any CPU.ActiveCfg = Debug|Any CPU
		{01DC50C9-4165-4238-83FA-D0C54BA1EDDB}.Debug|Any CPU.Build.0 = Debug|Any CPU
		{01DC50C9-4165-4238-83FA-D0C54BA1EDDB}.Release|Any CPU.ActiveCfg = Release|Any CPU
		{01DC50C9-4165-4238-83FA-D0C54BA1EDDB}.Release|Any CPU.Build.0 = Release|Any CPU
		{2F8AFF25-A431-4DBB-9C74-B4FDF8AEB4A6}.Debug|Any CPU.ActiveCfg = Debug|Any CPU
		{2F8AFF25-A431-4DBB-9C74-B4FDF8AEB4A6}.Debug|Any CPU.Build.0 = Debug|Any CPU
		{2F8AFF25-A431-4DBB-9C74-B4FDF8AEB4A6}.Release|Any CPU.ActiveCfg = Release|Any CPU
		{2F8AFF25-A431-4DBB-9C74-B4FDF8AEB4A6}.Release|Any CPU.Build.0 = Release|Any CPU
		{287AA970-AD9B-4C2E-999C-1A29C89DD560}.Debug|Any CPU.ActiveCfg = Debug|Any CPU
		{287AA970-AD9B-4C2E-999C-1A29C89DD560}.Debug|Any CPU.Build.0 = Debug|Any CPU
		{287AA970-AD9B-4C2E-999C-1A29C89DD560}.Release|Any CPU.ActiveCfg = Release|Any CPU
		{287AA970-AD9B-4C2E-999C-1A29C89DD560}.Release|Any CPU.Build.0 = Release|Any CPU
	EndGlobalSection
	GlobalSection(SolutionProperties) = preSolution
		HideSolutionNode = FALSE
	EndGlobalSection
	GlobalSection(ExtensibilityGlobals) = postSolution
		SolutionGuid = {0E607B8A-B057-4CC5-8FEE-AEBCA8E7EFD0}
	EndGlobalSection
EndGlobal
