
Microsoft Visual Studio Solution File, Format Version 12.00
# Visual Studio Version 17
VisualStudioVersion = 17.0.32002.185
MinimumVisualStudioVersion = 10.0.40219.1
Project("{9A19103F-16F7-4668-BE54-9A1E7A4F7556}") = "day01", "day01\day01.csproj", "{15DC4764-825E-47EC-BAF6-CC4271E544BA}"
EndProject
Project("{9A19103F-16F7-4668-BE54-9A1E7A4F7556}") = "dayXX", "dayXX\dayXX.csproj", "{038B3E55-5A28-4888-B12A-16EDBDE8632C}"
EndProject
Project("{9A19103F-16F7-4668-BE54-9A1E7A4F7556}") = "test", "test\test.csproj", "{6EACE97F-FE46-4FDF-9701-1B5479639730}"
EndProject
Project("{9A19103F-16F7-4668-BE54-9A1E7A4F7556}") = "day02", "day02\day02.csproj", "{47320CD5-7F9F-4302-B35E-20B07E717232}"
EndProject
Project("{9A19103F-16F7-4668-BE54-9A1E7A4F7556}") = "day03", "day03\day03.csproj", "{01DC50C9-4165-4238-83FA-D0C54BA1EDDB}"
EndProject
Project("{9A19103F-16F7-4668-BE54-9A1E7A4F7556}") = "day04", "day04\day04.csproj", "{2F8AFF25-A431-4DBB-9C74-B4FDF8AEB4A6}"
EndProject
Project("{9A19103F-16F7-4668-BE54-9A1E7A4F7556}") = "day05", "day05\day05.csproj", "{287AA970-AD9B-4C2E-999C-1A29C89DD560}"
EndProject
Project("{9A19103F-16F7-4668-BE54-9A1E7A4F7556}") = "day06", "day06\day06.csproj", "{AE53AACF-AFC1-4649-BCAD-11741B9D8306}"
EndProject
Project("{9A19103F-16F7-4668-BE54-9A1E7A4F7556}") = "day07", "day07\day07.csproj", "{D2BE16B6-AE15-441F-8D2C-6F14A80F0F36}"
EndProject
Project("{9A19103F-16F7-4668-BE54-9A1E7A4F7556}") = "day08", "day08\day08.csproj", "{7122AE8F-C744-4F0C-ACE8-D001B7AE2AA7}"
EndProject
Project("{9A19103F-16F7-4668-BE54-9A1E7A4F7556}") = "day09", "day09\day09.csproj", "{80B17386-98DA-4209-B82A-BD4EE2148834}"
EndProject
Project("{9A19103F-16F7-4668-BE54-9A1E7A4F7556}") = "day10", "day10\day10.csproj", "{D1A8673F-F68B-4B83-8338-6435E7E4EC7C}"
EndProject
Project("{9A19103F-16F7-4668-BE54-9A1E7A4F7556}") = "day11", "day11\day11.csproj", "{AB190961-BBAD-4E0D-BF8C-2735CB9E376C}"
EndProject
Project("{9A19103F-16F7-4668-BE54-9A1E7A4F7556}") = "day12", "day12\day12.csproj", "{B8FCBBD3-06DD-45FE-A415-D741516D9A60}"
EndProject
Project("{9A19103F-16F7-4668-BE54-9A1E7A4F7556}") = "day13", "day13\day13.csproj", "{C9813E49-5FBB-418D-B6E1-FBEA1E913DB1}"
EndProject
Project("{9A19103F-16F7-4668-BE54-9A1E7A4F7556}") = "day14", "day14\day14.csproj", "{1E18DAD1-8E23-4A89-88D7-8EC963F1D2C7}"
EndProject
Project("{9A19103F-16F7-4668-BE54-9A1E7A4F7556}") = "day15", "day15\day15.csproj", "{6EB42886-F0E5-48B6-97EC-011D9A282678}"
EndProject
Project("{9A19103F-16F7-4668-BE54-9A1E7A4F7556}") = "day16", "day16\day16.csproj", "{8213899F-8484-4D0C-A7DE-3A3BC9E426F8}"
EndProject
Project("{9A19103F-16F7-4668-BE54-9A1E7A4F7556}") = "day17", "day17\day17.csproj", "{7A8D0D87-BD3C-4DC6-8750-7DD9A79CF888}"
EndProject
Project("{9A19103F-16F7-4668-BE54-9A1E7A4F7556}") = "day18", "day18\day18.csproj", "{7285723C-A7A7-430E-AD69-84ABCE2C742E}"
EndProject
Project("{9A19103F-16F7-4668-BE54-9A1E7A4F7556}") = "day19", "day19\day19.csproj", "{A8534A2A-2118-4295-8D61-3ED93A567406}"
EndProject
Project("{9A19103F-16F7-4668-BE54-9A1E7A4F7556}") = "day20", "day20\day20.csproj", "{1A1A111D-78B3-4376-9257-1272C3A36117}"
EndProject
Project("{9A19103F-16F7-4668-BE54-9A1E7A4F7556}") = "day21", "day21\day21.csproj", "{EA27D0C4-0DFA-4FC3-BF7C-DA7440B47CB0}"
EndProject
Project("{FAE04EC0-301F-11D3-BF4B-00C04F79EFBC}") = "day22", "day22\day22.csproj", "{93253365-5A99-4733-8C1A-13F46EED6127}"
EndProject
Project("{FAE04EC0-301F-11D3-BF4B-00C04F79EFBC}") = "day23", "day23\day23.csproj", "{9DA8CFA6-A4CF-45A8-95CE-3CEF826C9C2A}"
EndProject
Project("{FAE04EC0-301F-11D3-BF4B-00C04F79EFBC}") = "day24", "day24\day24.csproj", "{86FF0611-FB88-42B3-AE2A-A037C75D5F18}"
EndProject
Project("{FAE04EC0-301F-11D3-BF4B-00C04F79EFBC}") = "day25", "day25\day25.csproj", "{2E67072D-A762-4AD4-AC92-1A82216328F0}"
EndProject
Global
	GlobalSection(SolutionConfigurationPlatforms) = preSolution
		Debug|Any CPU = Debug|Any CPU
		Release|Any CPU = Release|Any CPU
	EndGlobalSection
	GlobalSection(ProjectConfigurationPlatforms) = postSolution
		{15DC4764-825E-47EC-BAF6-CC4271E544BA}.Debug|Any CPU.ActiveCfg = Debug|Any CPU
		{15DC4764-825E-47EC-BAF6-CC4271E544BA}.Debug|Any CPU.Build.0 = Debug|Any CPU
		{15DC4764-825E-47EC-BAF6-CC4271E544BA}.Release|Any CPU.ActiveCfg = Release|Any CPU
		{15DC4764-825E-47EC-BAF6-CC4271E544BA}.Release|Any CPU.Build.0 = Release|Any CPU
		{038B3E55-5A28-4888-B12A-16EDBDE8632C}.Debug|Any CPU.ActiveCfg = Debug|Any CPU
		{038B3E55-5A28-4888-B12A-16EDBDE8632C}.Debug|Any CPU.Build.0 = Debug|Any CPU
		{038B3E55-5A28-4888-B12A-16EDBDE8632C}.Release|Any CPU.ActiveCfg = Release|Any CPU
		{038B3E55-5A28-4888-B12A-16EDBDE8632C}.Release|Any CPU.Build.0 = Release|Any CPU
		{6EACE97F-FE46-4FDF-9701-1B5479639730}.Debug|Any CPU.ActiveCfg = Debug|Any CPU
		{6EACE97F-FE46-4FDF-9701-1B5479639730}.Debug|Any CPU.Build.0 = Debug|Any CPU
		{6EACE97F-FE46-4FDF-9701-1B5479639730}.Release|Any CPU.ActiveCfg = Release|Any CPU
		{6EACE97F-FE46-4FDF-9701-1B5479639730}.Release|Any CPU.Build.0 = Release|Any CPU
		{47320CD5-7F9F-4302-B35E-20B07E717232}.Debug|Any CPU.ActiveCfg = Debug|Any CPU
		{47320CD5-7F9F-4302-B35E-20B07E717232}.Debug|Any CPU.Build.0 = Debug|Any CPU
		{47320CD5-7F9F-4302-B35E-20B07E717232}.Release|Any CPU.ActiveCfg = Release|Any CPU
		{47320CD5-7F9F-4302-B35E-20B07E717232}.Release|Any CPU.Build.0 = Release|Any CPU
		{01DC50C9-4165-4238-83FA-D0C54BA1EDDB}.Debug|Any CPU.ActiveCfg = Debug|Any CPU
		{01DC50C9-4165-4238-83FA-D0C54BA1EDDB}.Debug|Any CPU.Build.0 = Debug|Any CPU
		{01DC50C9-4165-4238-83FA-D0C54BA1EDDB}.Release|Any CPU.ActiveCfg = Release|Any CPU
		{01DC50C9-4165-4238-83FA-D0C54BA1EDDB}.Release|Any CPU.Build.0 = Release|Any CPU
		{2F8AFF25-A431-4DBB-9C74-B4FDF8AEB4A6}.Debug|Any CPU.ActiveCfg = Debug|Any CPU
		{2F8AFF25-A431-4DBB-9C74-B4FDF8AEB4A6}.Debug|Any CPU.Build.0 = Debug|Any CPU
		{2F8AFF25-A431-4DBB-9C74-B4FDF8AEB4A6}.Release|Any CPU.ActiveCfg = Release|Any CPU
		{2F8AFF25-A431-4DBB-9C74-B4FDF8AEB4A6}.Release|Any CPU.Build.0 = Release|Any CPU
		{287AA970-AD9B-4C2E-999C-1A29C89DD560}.Debug|Any CPU.ActiveCfg = Debug|Any CPU
		{287AA970-AD9B-4C2E-999C-1A29C89DD560}.Debug|Any CPU.Build.0 = Debug|Any CPU
		{287AA970-AD9B-4C2E-999C-1A29C89DD560}.Release|Any CPU.ActiveCfg = Release|Any CPU
		{287AA970-AD9B-4C2E-999C-1A29C89DD560}.Release|Any CPU.Build.0 = Release|Any CPU
		{AE53AACF-AFC1-4649-BCAD-11741B9D8306}.Debug|Any CPU.ActiveCfg = Debug|Any CPU
		{AE53AACF-AFC1-4649-BCAD-11741B9D8306}.Debug|Any CPU.Build.0 = Debug|Any CPU
		{AE53AACF-AFC1-4649-BCAD-11741B9D8306}.Release|Any CPU.ActiveCfg = Release|Any CPU
		{AE53AACF-AFC1-4649-BCAD-11741B9D8306}.Release|Any CPU.Build.0 = Release|Any CPU
		{D2BE16B6-AE15-441F-8D2C-6F14A80F0F36}.Debug|Any CPU.ActiveCfg = Debug|Any CPU
		{D2BE16B6-AE15-441F-8D2C-6F14A80F0F36}.Debug|Any CPU.Build.0 = Debug|Any CPU
		{D2BE16B6-AE15-441F-8D2C-6F14A80F0F36}.Release|Any CPU.ActiveCfg = Release|Any CPU
		{D2BE16B6-AE15-441F-8D2C-6F14A80F0F36}.Release|Any CPU.Build.0 = Release|Any CPU
		{7122AE8F-C744-4F0C-ACE8-D001B7AE2AA7}.Debug|Any CPU.ActiveCfg = Debug|Any CPU
		{7122AE8F-C744-4F0C-ACE8-D001B7AE2AA7}.Debug|Any CPU.Build.0 = Debug|Any CPU
		{7122AE8F-C744-4F0C-ACE8-D001B7AE2AA7}.Release|Any CPU.ActiveCfg = Release|Any CPU
		{7122AE8F-C744-4F0C-ACE8-D001B7AE2AA7}.Release|Any CPU.Build.0 = Release|Any CPU
		{80B17386-98DA-4209-B82A-BD4EE2148834}.Debug|Any CPU.ActiveCfg = Debug|Any CPU
		{80B17386-98DA-4209-B82A-BD4EE2148834}.Debug|Any CPU.Build.0 = Debug|Any CPU
		{80B17386-98DA-4209-B82A-BD4EE2148834}.Release|Any CPU.ActiveCfg = Release|Any CPU
		{80B17386-98DA-4209-B82A-BD4EE2148834}.Release|Any CPU.Build.0 = Release|Any CPU
		{D1A8673F-F68B-4B83-8338-6435E7E4EC7C}.Debug|Any CPU.ActiveCfg = Debug|Any CPU
		{D1A8673F-F68B-4B83-8338-6435E7E4EC7C}.Debug|Any CPU.Build.0 = Debug|Any CPU
		{D1A8673F-F68B-4B83-8338-6435E7E4EC7C}.Release|Any CPU.ActiveCfg = Release|Any CPU
		{D1A8673F-F68B-4B83-8338-6435E7E4EC7C}.Release|Any CPU.Build.0 = Release|Any CPU
		{AB190961-BBAD-4E0D-BF8C-2735CB9E376C}.Debug|Any CPU.ActiveCfg = Debug|Any CPU
		{AB190961-BBAD-4E0D-BF8C-2735CB9E376C}.Debug|Any CPU.Build.0 = Debug|Any CPU
		{AB190961-BBAD-4E0D-BF8C-2735CB9E376C}.Release|Any CPU.ActiveCfg = Release|Any CPU
		{AB190961-BBAD-4E0D-BF8C-2735CB9E376C}.Release|Any CPU.Build.0 = Release|Any CPU
		{B8FCBBD3-06DD-45FE-A415-D741516D9A60}.Debug|Any CPU.ActiveCfg = Debug|Any CPU
		{B8FCBBD3-06DD-45FE-A415-D741516D9A60}.Debug|Any CPU.Build.0 = Debug|Any CPU
		{B8FCBBD3-06DD-45FE-A415-D741516D9A60}.Release|Any CPU.ActiveCfg = Release|Any CPU
		{B8FCBBD3-06DD-45FE-A415-D741516D9A60}.Release|Any CPU.Build.0 = Release|Any CPU
		{C9813E49-5FBB-418D-B6E1-FBEA1E913DB1}.Debug|Any CPU.ActiveCfg = Debug|Any CPU
		{C9813E49-5FBB-418D-B6E1-FBEA1E913DB1}.Debug|Any CPU.Build.0 = Debug|Any CPU
		{C9813E49-5FBB-418D-B6E1-FBEA1E913DB1}.Release|Any CPU.ActiveCfg = Release|Any CPU
		{C9813E49-5FBB-418D-B6E1-FBEA1E913DB1}.Release|Any CPU.Build.0 = Release|Any CPU
		{1E18DAD1-8E23-4A89-88D7-8EC963F1D2C7}.Debug|Any CPU.ActiveCfg = Debug|Any CPU
		{1E18DAD1-8E23-4A89-88D7-8EC963F1D2C7}.Debug|Any CPU.Build.0 = Debug|Any CPU
		{1E18DAD1-8E23-4A89-88D7-8EC963F1D2C7}.Release|Any CPU.ActiveCfg = Release|Any CPU
		{1E18DAD1-8E23-4A89-88D7-8EC963F1D2C7}.Release|Any CPU.Build.0 = Release|Any CPU
		{6EB42886-F0E5-48B6-97EC-011D9A282678}.Debug|Any CPU.ActiveCfg = Debug|Any CPU
		{6EB42886-F0E5-48B6-97EC-011D9A282678}.Debug|Any CPU.Build.0 = Debug|Any CPU
		{6EB42886-F0E5-48B6-97EC-011D9A282678}.Release|Any CPU.ActiveCfg = Release|Any CPU
		{6EB42886-F0E5-48B6-97EC-011D9A282678}.Release|Any CPU.Build.0 = Release|Any CPU
		{8213899F-8484-4D0C-A7DE-3A3BC9E426F8}.Debug|Any CPU.ActiveCfg = Debug|Any CPU
		{8213899F-8484-4D0C-A7DE-3A3BC9E426F8}.Debug|Any CPU.Build.0 = Debug|Any CPU
		{8213899F-8484-4D0C-A7DE-3A3BC9E426F8}.Release|Any CPU.ActiveCfg = Release|Any CPU
		{8213899F-8484-4D0C-A7DE-3A3BC9E426F8}.Release|Any CPU.Build.0 = Release|Any CPU
		{7A8D0D87-BD3C-4DC6-8750-7DD9A79CF888}.Debug|Any CPU.ActiveCfg = Debug|Any CPU
		{7A8D0D87-BD3C-4DC6-8750-7DD9A79CF888}.Debug|Any CPU.Build.0 = Debug|Any CPU
		{7A8D0D87-BD3C-4DC6-8750-7DD9A79CF888}.Release|Any CPU.ActiveCfg = Release|Any CPU
		{7A8D0D87-BD3C-4DC6-8750-7DD9A79CF888}.Release|Any CPU.Build.0 = Release|Any CPU
		{7285723C-A7A7-430E-AD69-84ABCE2C742E}.Debug|Any CPU.ActiveCfg = Debug|Any CPU
		{7285723C-A7A7-430E-AD69-84ABCE2C742E}.Debug|Any CPU.Build.0 = Debug|Any CPU
		{7285723C-A7A7-430E-AD69-84ABCE2C742E}.Release|Any CPU.ActiveCfg = Release|Any CPU
		{7285723C-A7A7-430E-AD69-84ABCE2C742E}.Release|Any CPU.Build.0 = Release|Any CPU
		{A8534A2A-2118-4295-8D61-3ED93A567406}.Debug|Any CPU.ActiveCfg = Debug|Any CPU
		{A8534A2A-2118-4295-8D61-3ED93A567406}.Debug|Any CPU.Build.0 = Debug|Any CPU
		{A8534A2A-2118-4295-8D61-3ED93A567406}.Release|Any CPU.ActiveCfg = Release|Any CPU
		{A8534A2A-2118-4295-8D61-3ED93A567406}.Release|Any CPU.Build.0 = Release|Any CPU
		{1A1A111D-78B3-4376-9257-1272C3A36117}.Debug|Any CPU.ActiveCfg = Debug|Any CPU
		{1A1A111D-78B3-4376-9257-1272C3A36117}.Debug|Any CPU.Build.0 = Debug|Any CPU
		{1A1A111D-78B3-4376-9257-1272C3A36117}.Release|Any CPU.ActiveCfg = Release|Any CPU
		{1A1A111D-78B3-4376-9257-1272C3A36117}.Release|Any CPU.Build.0 = Release|Any CPU
		{EA27D0C4-0DFA-4FC3-BF7C-DA7440B47CB0}.Debug|Any CPU.ActiveCfg = Debug|Any CPU
		{EA27D0C4-0DFA-4FC3-BF7C-DA7440B47CB0}.Debug|Any CPU.Build.0 = Debug|Any CPU
		{EA27D0C4-0DFA-4FC3-BF7C-DA7440B47CB0}.Release|Any CPU.ActiveCfg = Release|Any CPU
		{EA27D0C4-0DFA-4FC3-BF7C-DA7440B47CB0}.Release|Any CPU.Build.0 = Release|Any CPU
		{93253365-5A99-4733-8C1A-13F46EED6127}.Debug|Any CPU.ActiveCfg = Debug|Any CPU
		{93253365-5A99-4733-8C1A-13F46EED6127}.Debug|Any CPU.Build.0 = Debug|Any CPU
		{93253365-5A99-4733-8C1A-13F46EED6127}.Release|Any CPU.ActiveCfg = Release|Any CPU
		{93253365-5A99-4733-8C1A-13F46EED6127}.Release|Any CPU.Build.0 = Release|Any CPU
		{9DA8CFA6-A4CF-45A8-95CE-3CEF826C9C2A}.Debug|Any CPU.ActiveCfg = Debug|Any CPU
		{9DA8CFA6-A4CF-45A8-95CE-3CEF826C9C2A}.Debug|Any CPU.Build.0 = Debug|Any CPU
		{9DA8CFA6-A4CF-45A8-95CE-3CEF826C9C2A}.Release|Any CPU.ActiveCfg = Release|Any CPU
		{9DA8CFA6-A4CF-45A8-95CE-3CEF826C9C2A}.Release|Any CPU.Build.0 = Release|Any CPU
		{86FF0611-FB88-42B3-AE2A-A037C75D5F18}.Debug|Any CPU.ActiveCfg = Debug|Any CPU
		{86FF0611-FB88-42B3-AE2A-A037C75D5F18}.Debug|Any CPU.Build.0 = Debug|Any CPU
		{86FF0611-FB88-42B3-AE2A-A037C75D5F18}.Release|Any CPU.ActiveCfg = Release|Any CPU
		{86FF0611-FB88-42B3-AE2A-A037C75D5F18}.Release|Any CPU.Build.0 = Release|Any CPU
		{2E67072D-A762-4AD4-AC92-1A82216328F0}.Debug|Any CPU.ActiveCfg = Debug|Any CPU
		{2E67072D-A762-4AD4-AC92-1A82216328F0}.Debug|Any CPU.Build.0 = Debug|Any CPU
		{2E67072D-A762-4AD4-AC92-1A82216328F0}.Release|Any CPU.ActiveCfg = Release|Any CPU
		{2E67072D-A762-4AD4-AC92-1A82216328F0}.Release|Any CPU.Build.0 = Release|Any CPU
	EndGlobalSection
	GlobalSection(SolutionProperties) = preSolution
		HideSolutionNode = FALSE
	EndGlobalSection
	GlobalSection(ExtensibilityGlobals) = postSolution
		SolutionGuid = {0E607B8A-B057-4CC5-8FEE-AEBCA8E7EFD0}
	EndGlobalSection
EndGlobal
